
Microsoft Visual Studio Solution File, Format Version 12.00
# Visual Studio Version 17
VisualStudioVersion = 17.13.35806.99
MinimumVisualStudioVersion = 10.0.40219.1
Project("{FAE04EC0-301F-11D3-BF4B-00C04F79EFBC}") = "SfoxSimulator", "SfoxSimulator\SfoxSimulator.csproj", "{8444DD3F-5C89-4B44-8CDF-EAC9CD8E08F3}"
EndProject
Project("{54A90642-561A-4BB1-A94E-469ADEE60C69}") = "WebClient", "WebClient\WebClient.esproj", "{8644569D-2083-3EED-348A-FDE4876C2602}"
EndProject
Project("{FAE04EC0-301F-11D3-BF4B-00C04F79EFBC}") = "SfoxFeedLibrary", "SfoxFeedLibrary\SfoxFeedLibrary.csproj", "{1260C978-2F88-479E-B82C-DF297DB65F79}"
EndProject
Global
	GlobalSection(SolutionConfigurationPlatforms) = preSolution
		Debug|Any CPU = Debug|Any CPU
		Debug|x64 = Debug|x64
		Debug|x86 = Debug|x86
		Release|Any CPU = Release|Any CPU
		Release|x64 = Release|x64
		Release|x86 = Release|x86
	EndGlobalSection
	GlobalSection(ProjectConfigurationPlatforms) = postSolution
		{8444DD3F-5C89-4B44-8CDF-EAC9CD8E08F3}.Debug|Any CPU.ActiveCfg = Debug|Any CPU
		{8444DD3F-5C89-4B44-8CDF-EAC9CD8E08F3}.Debug|Any CPU.Build.0 = Debug|Any CPU
		{8444DD3F-5C89-4B44-8CDF-EAC9CD8E08F3}.Debug|x64.ActiveCfg = Debug|Any CPU
		{8444DD3F-5C89-4B44-8CDF-EAC9CD8E08F3}.Debug|x64.Build.0 = Debug|Any CPU
		{8444DD3F-5C89-4B44-8CDF-EAC9CD8E08F3}.Debug|x86.ActiveCfg = Debug|Any CPU
		{8444DD3F-5C89-4B44-8CDF-EAC9CD8E08F3}.Debug|x86.Build.0 = Debug|Any CPU
		{8444DD3F-5C89-4B44-8CDF-EAC9CD8E08F3}.Release|Any CPU.ActiveCfg = Release|Any CPU
		{8444DD3F-5C89-4B44-8CDF-EAC9CD8E08F3}.Release|Any CPU.Build.0 = Release|Any CPU
		{8444DD3F-5C89-4B44-8CDF-EAC9CD8E08F3}.Release|x64.ActiveCfg = Release|Any CPU
		{8444DD3F-5C89-4B44-8CDF-EAC9CD8E08F3}.Release|x64.Build.0 = Release|Any CPU
		{8444DD3F-5C89-4B44-8CDF-EAC9CD8E08F3}.Release|x86.ActiveCfg = Release|Any CPU
		{8444DD3F-5C89-4B44-8CDF-EAC9CD8E08F3}.Release|x86.Build.0 = Release|Any CPU
		{8644569D-2083-3EED-348A-FDE4876C2602}.Debug|Any CPU.ActiveCfg = Debug|Any CPU
		{8644569D-2083-3EED-348A-FDE4876C2602}.Debug|Any CPU.Build.0 = Debug|Any CPU
		{8644569D-2083-3EED-348A-FDE4876C2602}.Debug|Any CPU.Deploy.0 = Debug|Any CPU
		{8644569D-2083-3EED-348A-FDE4876C2602}.Debug|x64.ActiveCfg = Debug|x64
		{8644569D-2083-3EED-348A-FDE4876C2602}.Debug|x86.ActiveCfg = Debug|x86
		{8644569D-2083-3EED-348A-FDE4876C2602}.Release|Any CPU.ActiveCfg = Release|Any CPU
		{8644569D-2083-3EED-348A-FDE4876C2602}.Release|Any CPU.Build.0 = Release|Any CPU
		{8644569D-2083-3EED-348A-FDE4876C2602}.Release|Any CPU.Deploy.0 = Release|Any CPU
		{8644569D-2083-3EED-348A-FDE4876C2602}.Release|x64.ActiveCfg = Release|x64
		{8644569D-2083-3EED-348A-FDE4876C2602}.Release|x86.ActiveCfg = Release|x86
		{1260C978-2F88-479E-B82C-DF297DB65F79}.Debug|Any CPU.ActiveCfg = Debug|Any CPU
		{1260C978-2F88-479E-B82C-DF297DB65F79}.Debug|Any CPU.Build.0 = Debug|Any CPU
		{1260C978-2F88-479E-B82C-DF297DB65F79}.Debug|x64.ActiveCfg = Debug|Any CPU
		{1260C978-2F88-479E-B82C-DF297DB65F79}.Debug|x64.Build.0 = Debug|Any CPU
		{1260C978-2F88-479E-B82C-DF297DB65F79}.Debug|x86.ActiveCfg = Debug|Any CPU
		{1260C978-2F88-479E-B82C-DF297DB65F79}.Debug|x86.Build.0 = Debug|Any CPU
		{1260C978-2F88-479E-B82C-DF297DB65F79}.Release|Any CPU.ActiveCfg = Release|Any CPU
		{1260C978-2F88-479E-B82C-DF297DB65F79}.Release|Any CPU.Build.0 = Release|Any CPU
		{1260C978-2F88-479E-B82C-DF297DB65F79}.Release|x64.ActiveCfg = Release|Any CPU
		{1260C978-2F88-479E-B82C-DF297DB65F79}.Release|x64.Build.0 = Release|Any CPU
		{1260C978-2F88-479E-B82C-DF297DB65F79}.Release|x86.ActiveCfg = Release|Any CPU
		{1260C978-2F88-479E-B82C-DF297DB65F79}.Release|x86.Build.0 = Release|Any CPU
	EndGlobalSection
	GlobalSection(SolutionProperties) = preSolution
		HideSolutionNode = FALSE
	EndGlobalSection
	GlobalSection(ExtensibilityGlobals) = postSolution
		SolutionGuid = {8383E3EF-AAFE-402D-AB62-2013F3B17B12}
	EndGlobalSection
EndGlobal
